
Microsoft Visual Studio Solution File, Format Version 12.00
# Visual Studio 14
VisualStudioVersion = 14.0.25123.0
MinimumVisualStudioVersion = 10.0.40219.1
Project("{FAE04EC0-301F-11D3-BF4B-00C04F79EFBC}") = "Message360.UWP", "Message360.UWP/Message360.UWP.csproj", "{acdd1f66-c1a5-4222-944f-8edac8cdfa7a}"
EndProject
Global
    GlobalSection(SolutionConfigurationPlatforms) = preSolution
        Debug|Any CPU = Debug|Any CPU
        Debug|ARM = Debug|ARM
        Debug|x64 = Debug|x64
        Debug|x86 = Debug|x86
        Release|Any CPU = Release|Any CPU
        Release|ARM = Release|ARM
        Release|x64 = Release|x64
        Release|x86 = Release|x86
    EndGlobalSection
    GlobalSection(ProjectConfigurationPlatforms) = postSolution
        {acdd1f66-c1a5-4222-944f-8edac8cdfa7a}.Debug|Any CPU.ActiveCfg = Debug|Any CPU
        {acdd1f66-c1a5-4222-944f-8edac8cdfa7a}.Debug|Any CPU.Build.0 = Debug|Any CPU
        {acdd1f66-c1a5-4222-944f-8edac8cdfa7a}.Release|Any CPU.ActiveCfg = Release|Any CPU
        {acdd1f66-c1a5-4222-944f-8edac8cdfa7a}.Release|Any CPU.Build.0 = Release|Any CPU
    EndGlobalSection
    GlobalSection(SolutionProperties) = preSolution
        HideSolutionNode = FALSE
    EndGlobalSection
EndGlobal
